github.com/wowchemy/wowchemy-hugo-modules/wowchemy-cms/v5 v5.0.0-20220109160354-be9e2fde4a4f h1:swonZoGNetpYa0fzAYQGjLFyNQrnRBaGupyNCxmDQDg=
github.com/wowchemy/wowchemy-hugo-modules/wowchemy-cms/v5 v5.0.0-20220109160354-be9e2fde4a4f/go.mod h1:Sp/AKo+2HAPi/IPHp1MEdKPmee+mzO5+efUBUPLPqPE=
github.com/wowchemy/wowchemy-hugo-modules/wowchemy/v5 v5.0.0-20220109160354-be9e2fde4a4f h1:FD0LoG/QlkPypItdrRrpOWkXGQbp2rN/xYLH7Fo+FBo=
github.com/wowchemy/wowchemy-hugo-modules/wowchemy/v5 v5.0.0-20220109160354-be9e2fde4a4f/go.mod h1:2iL9rdrUYyJXX2BeHKfK+QbqZlubCsaR60nQ87NRQTY=
