github.com/wowchemy/wowchemy-hugo-modules v0.29.0 h1:tmZeM85lHRB8U0L6xT5bLFgq6p84CqmjM4FMRK1B1jg=
github.com/wowchemy/wowchemy-hugo-modules v4.8.0+incompatible h1:bWdYezLML3TZq5H0Rot4Urwl6HBl1uok5xIDOTqcWC8=
github.com/wowchemy/wowchemy-hugo-modules/netlify-cms-academic v0.0.0-20201205224343-d70da8919962 h1:XNsLf9o4lVGHd3hnadtun6VjeDy0tHbPMO5fvS+lOjY=
github.com/wowchemy/wowchemy-hugo-modules/netlify-cms-academic v0.0.0-20201205224343-d70da8919962/go.mod h1:TU3QDPUdBSQnvDP5QVCwjAkBIdVMS/bKFA8jr3eI5AY=
