# THIS IS AN AUTOGENERATED FILE. DO NOT EDIT THIS FILE DIRECTLY.
# yarn lockfile v1


bootstrap@^4.4.1:
  version "4.5.0"
  resolved "https://registry.yarnpkg.com/bootstrap/-/bootstrap-4.5.0.tgz#97d9dbcb5a8972f8722c9962483543b907d9b9ec"
  integrity sha512-Z93QoXvodoVslA+PWNdk23Hze4RBYIkpb5h8I2HY2Tu2h7A0LpAgLcyrhrSUyo2/Oxm2l1fRZPs1e5hnxnliXA==

instant.page@^5.1.0:
  version "5.1.0"
  resolved "https://registry.yarnpkg.com/instant.page/-/instant.page-5.1.0.tgz#ee0b5c341eda6c16d63def214bb6126701d7154d"
  integrity sha512-7tz0vkrbj6rN08+C56UDTs1Z71ATPNjMv2eCFaYnIIn3jlkEF6HZCaUtsigjaN2hVaYiuu06vu1usDMnu+OEFg==
